
Microsoft Visual Studio Solution File, Format Version 12.00
# Visual Studio Version 16
VisualStudioVersion = 16.0.32106.194
MinimumVisualStudioVersion = 10.0.40219.1
Project("{FAE04EC0-301F-11D3-BF4B-00C04F79EFBC}") = "RabelTasks.UI", "RabelTasks.UI\RabelTasks.UI.csproj", "{A964DE36-4298-48DD-B19B-60FA70AEDAC9}"
EndProject
Project("{FAE04EC0-301F-11D3-BF4B-00C04F79EFBC}") = "RebelTask.DataAccess", "RebelTask.DataAccess\RebelTask.DataAccess.csproj", "{0F960452-4D46-4873-8F58-A8C3BFA69571}"
EndProject
Global
	GlobalSection(SolutionConfigurationPlatforms) = preSolution
		Debug|Any CPU = Debug|Any CPU
		Release|Any CPU = Release|Any CPU
	EndGlobalSection
	GlobalSection(ProjectConfigurationPlatforms) = postSolution
		{A964DE36-4298-48DD-B19B-60FA70AEDAC9}.Debug|Any CPU.ActiveCfg = Debug|Any CPU
		{A964DE36-4298-48DD-B19B-60FA70AEDAC9}.Debug|Any CPU.Build.0 = Debug|Any CPU
		{A964DE36-4298-48DD-B19B-60FA70AEDAC9}.Release|Any CPU.ActiveCfg = Release|Any CPU
		{A964DE36-4298-48DD-B19B-60FA70AEDAC9}.Release|Any CPU.Build.0 = Release|Any CPU
		{0F960452-4D46-4873-8F58-A8C3BFA69571}.Debug|Any CPU.ActiveCfg = Debug|Any CPU
		{0F960452-4D46-4873-8F58-A8C3BFA69571}.Debug|Any CPU.Build.0 = Debug|Any CPU
		{0F960452-4D46-4873-8F58-A8C3BFA69571}.Release|Any CPU.ActiveCfg = Release|Any CPU
		{0F960452-4D46-4873-8F58-A8C3BFA69571}.Release|Any CPU.Build.0 = Release|Any CPU
	EndGlobalSection
	GlobalSection(SolutionProperties) = preSolution
		HideSolutionNode = FALSE
	EndGlobalSection
	GlobalSection(ExtensibilityGlobals) = postSolution
		SolutionGuid = {2491F5F8-D24B-4929-B318-E141DCC123C5}
	EndGlobalSection
EndGlobal
